
Microsoft Visual Studio Solution File, Format Version 12.00
# Visual Studio Version 16
VisualStudioVersion = 16.0.810.22
MinimumVisualStudioVersion = 10.0.40219.1
Project("{FAE04EC0-301F-11D3-BF4B-00C04F79EFBC}") = "Itmaskinen-api", "Itmaskinen-api\Itmaskinen-api.csproj", "{471179F1-643D-44FA-B6E0-4F1A38A90829}"
EndProject
Global
	GlobalSection(SolutionConfigurationPlatforms) = preSolution
		Debug|Any CPU = Debug|Any CPU
		Release|Any CPU = Release|Any CPU
	EndGlobalSection
	GlobalSection(ProjectConfigurationPlatforms) = postSolution
		{471179F1-643D-44FA-B6E0-4F1A38A90829}.Debug|Any CPU.ActiveCfg = Debug|Any CPU
		{471179F1-643D-44FA-B6E0-4F1A38A90829}.Debug|Any CPU.Build.0 = Debug|Any CPU
		{471179F1-643D-44FA-B6E0-4F1A38A90829}.Release|Any CPU.ActiveCfg = Release|Any CPU
		{471179F1-643D-44FA-B6E0-4F1A38A90829}.Release|Any CPU.Build.0 = Release|Any CPU
	EndGlobalSection
	GlobalSection(SolutionProperties) = preSolution
		HideSolutionNode = FALSE
	EndGlobalSection
	GlobalSection(ExtensibilityGlobals) = postSolution
		SolutionGuid = {826523DB-811C-4D02-950E-72D917A9B4D8}
	EndGlobalSection
EndGlobal
